
Microsoft Visual Studio Solution File, Format Version 12.00
# Visual Studio Version 17
VisualStudioVersion = 17.9.34728.123
MinimumVisualStudioVersion = 10.0.40219.1
Project("{FAE04EC0-301F-11D3-BF4B-00C04F79EFBC}") = "WebApplication4", "WebApplication4\WebApplication4.csproj", "{0E14505C-618B-459E-A5A3-CC2A551B6047}"
EndProject
Global
	GlobalSection(SolutionConfigurationPlatforms) = preSolution
		Debug|Any CPU = Debug|Any CPU
		Release|Any CPU = Release|Any CPU
	EndGlobalSection
	GlobalSection(ProjectConfigurationPlatforms) = postSolution
		{0E14505C-618B-459E-A5A3-CC2A551B6047}.Debug|Any CPU.ActiveCfg = Debug|Any CPU
		{0E14505C-618B-459E-A5A3-CC2A551B6047}.Debug|Any CPU.Build.0 = Debug|Any CPU
		{0E14505C-618B-459E-A5A3-CC2A551B6047}.Release|Any CPU.ActiveCfg = Release|Any CPU
		{0E14505C-618B-459E-A5A3-CC2A551B6047}.Release|Any CPU.Build.0 = Release|Any CPU
	EndGlobalSection
	GlobalSection(SolutionProperties) = preSolution
		HideSolutionNode = FALSE
	EndGlobalSection
	GlobalSection(ExtensibilityGlobals) = postSolution
		SolutionGuid = {28C2C76B-521C-496F-93F0-BC1A9B5EF5A6}
	EndGlobalSection
EndGlobal
